{
  "name": "powerschool-plugin-builder",
  "version": "2.0.0",
  "lockfileVersion": 1,
  "dependencies": {
    "archiver": {
      "version": "1.3.0",
      "resolved": "https://registry.npmjs.org/archiver/-/archiver-1.3.0.tgz",
      "integrity": "sha1-TyGU1tj5nfP1MeaIHxTxXVX6ryI="
    },
    "archiver-utils": {
      "version": "http://registry.npmjs.org/archiver-utils/-/archiver-utils-1.3.0.tgz",
      "integrity": "sha1-5QtMCccL89aA4y/xt5lOn52JUXQ="
    },
    "async": {
      "version": "2.5.0",
      "resolved": "https://registry.npmjs.org/async/-/async-2.5.0.tgz",
      "integrity": "sha512-e+lJAJeNWuPCNyxZKOBdaJGyLGHugXVQtrAwtuAe2vhxTYxFTKE73p8JuTmdH0qdQZtDvI4dhJwjZc5zsfIsYw=="
    },
    "balanced-match": {
      "version": "http://registry.npmjs.org/balanced-match/-/balanced-match-0.4.2.tgz",
      "integrity": "sha1-yz8+PHMtwPAe5wtAPzAuYddwmDg="
    },
    "bl": {
      "version": "http://registry.npmjs.org/bl/-/bl-1.2.1.tgz",
      "integrity": "sha1-ysMo977kVzDUBLaSID/LWQ4XLV4="
    },
    "brace-expansion": {
      "version": "http://registry.npmjs.org/brace-expansion/-/brace-expansion-1.1.7.tgz",
      "integrity": "sha1-Pv/DxQ4ABTH7cg6v+A8K6O8jz1k="
    },
    "buffer-crc32": {
      "version": "http://registry.npmjs.org/buffer-crc32/-/buffer-crc32-0.2.13.tgz",
      "integrity": "sha1-DTM+PwDqxQqhRUq9MO+MKl2ackI="
    },
    "buffer-shims": {
      "version": "http://registry.npmjs.org/buffer-shims/-/buffer-shims-1.0.0.tgz",
      "integrity": "sha1-mXjOMXOIxkmth5MCjDR37wRKi1E="
    },
    "colors": {
      "version": "http://registry.npmjs.org/colors/-/colors-1.0.3.tgz",
      "integrity": "sha1-BDP0TYCWgP3rYO0mDxsMJi6CpAs="
    },
    "commander": {
      "version": "2.10.0",
      "resolved": "https://registry.npmjs.org/commander/-/commander-2.10.0.tgz",
      "integrity": "sha512-q/r9trjmuikWDRJNTBHAVnWhuU6w+z80KgBq7j9YDclik5E7X4xi0KnlZBNFA1zOQ+SH/vHMWd2mC9QTOz7GpA=="
    },
    "compress-commons": {
      "version": "http://registry.npmjs.org/compress-commons/-/compress-commons-1.2.0.tgz",
      "integrity": "sha1-WFhwku8g03y1i68AARLJJ4/3O58="
    },
    "concat-map": {
      "version": "https://registry.npmjs.org/concat-map/-/concat-map-0.0.1.tgz",
      "integrity": "sha1-2Klr13/Wjfd5OnMDajug1UBdR3s="
    },
    "core-util-is": {
      "version": "http://registry.npmjs.org/core-util-is/-/core-util-is-1.0.2.tgz",
      "integrity": "sha1-tf1UIgqivFq1eqtxQMlAdUUDwac="
    },
    "crc": {
      "version": "http://registry.npmjs.org/crc/-/crc-3.4.4.tgz",
      "integrity": "sha1-naHpgOO9RPxck79as9ozeNheRms="
    },
    "crc32-stream": {
      "version": "http://registry.npmjs.org/crc32-stream/-/crc32-stream-2.0.0.tgz",
      "integrity": "sha1-483TtN8xaN10494/u8t7KX/pCPQ="
    },
    "cycle": {
      "version": "http://registry.npmjs.org/cycle/-/cycle-1.0.3.tgz",
      "integrity": "sha1-IegLK+hYD5i0aPN5QwZisEbDStI="
    },
    "end-of-stream": {
      "version": "http://registry.npmjs.org/end-of-stream/-/end-of-stream-1.4.0.tgz",
      "integrity": "sha1-epDYM+/abPpurA9JSduw+tOmMgY="
    },
    "eyes": {
      "version": "http://registry.npmjs.org/eyes/-/eyes-0.1.8.tgz",
      "integrity": "sha1-Ys8SAjTGg3hdkCNIqADvPgzCC8A="
    },
    "fs-extra": {
      "version": "3.0.1",
      "resolved": "https://registry.npmjs.org/fs-extra/-/fs-extra-3.0.1.tgz",
      "integrity": "sha1-N5TzeMWLNC6n27sjCVEJxLO2IpE="
    },
    "fs.realpath": {
      "version": "http://registry.npmjs.org/fs.realpath/-/fs.realpath-1.0.0.tgz",
      "integrity": "sha1-FQStJSMVjKpA20onh8sBQRmU6k8="
    },
    "glob": {
      "version": "http://registry.npmjs.org/glob/-/glob-7.1.1.tgz",
      "integrity": "sha1-gFIR3wT6rxxjo2ADBs31reULLsg="
    },
    "graceful-fs": {
      "version": "http://registry.npmjs.org/graceful-fs/-/graceful-fs-4.1.11.tgz",
      "integrity": "sha1-Dovf5NHduIVNZOBOp8AOKgJuVlg="
    },
    "graceful-readlink": {
      "version": "https://registry.npmjs.org/graceful-readlink/-/graceful-readlink-1.0.1.tgz",
      "integrity": "sha1-TK+tdrxi8C+gObL5Tpo906ORpyU="
    },
    "inflight": {
      "version": "http://registry.npmjs.org/inflight/-/inflight-1.0.6.tgz",
      "integrity": "sha1-Sb1jMdfQLQwJvJEKEHW6gWW1bfk="
    },
    "inherits": {
      "version": "http://registry.npmjs.org/inherits/-/inherits-2.0.3.tgz",
      "integrity": "sha1-Yzwsg+PaQqUC9SRmAiSA9CCCYd4="
    },
    "isarray": {
      "version": "http://registry.npmjs.org/isarray/-/isarray-1.0.0.tgz",
      "integrity": "sha1-u5NdSFgsuhaMBoNJV6VKPgcSTxE="
    },
    "isstream": {
      "version": "https://registry.npmjs.org/isstream/-/isstream-0.1.2.tgz",
      "integrity": "sha1-R+Y/evVa+m+S4VAOaQ64uFKcCZo="
    },
    "jsonfile": {
      "version": "http://registry.npmjs.org/jsonfile/-/jsonfile-3.0.0.tgz",
      "integrity": "sha1-kufHRE5f/V+jLmqa6LhQNN+DR9A="
    },
    "lazystream": {
      "version": "https://registry.npmjs.org/lazystream/-/lazystream-1.0.0.tgz",
      "integrity": "sha1-9plf4PggOS9hOWvolGJAe7dxaOQ="
    },
    "lodash": {
      "version": "http://registry.npmjs.org/lodash/-/lodash-4.17.4.tgz",
      "integrity": "sha1-eCA6TRwyiuHYbcpkYONptX9AVa4="
    },
    "minimatch": {
      "version": "http://registry.npmjs.org/minimatch/-/minimatch-3.0.4.tgz",
      "integrity": "sha1-UWbihkV/AzBgZL5Ul+jbsMPTIIM="
    },
    "normalize-path": {
      "version": "2.1.1",
      "resolved": "https://registry.npmjs.org/normalize-path/-/normalize-path-2.1.1.tgz",
      "integrity": "sha1-GrKLVW4Zg2Oowab35vogE3/mrtk="
    },
    "once": {
      "version": "http://registry.npmjs.org/once/-/once-1.4.0.tgz",
      "integrity": "sha1-WDsap3WWHUsROsF9nFC6753Xa9E="
    },
    "path-is-absolute": {
      "version": "http://registry.npmjs.org/path-is-absolute/-/path-is-absolute-1.0.1.tgz",
      "integrity": "sha1-F0uSaHNVNP+8es5r9TpanhtcX18="
    },
    "process-nextick-args": {
      "version": "http://registry.npmjs.org/process-nextick-args/-/process-nextick-args-1.0.7.tgz",
      "integrity": "sha1-FQ4gt1ZZCtP5EJPyWk8q2L/zC6M="
    },
    "promise-sequential": {
      "version": "1.1.1",
      "resolved": "https://registry.npmjs.org/promise-sequential/-/promise-sequential-1.1.1.tgz",
      "integrity": "sha1-956JUO+G56eoW/MgRSZDWS9tL7I="
    },
    "readable-stream": {
      "version": "http://registry.npmjs.org/readable-stream/-/readable-stream-2.2.9.tgz",
      "integrity": "sha1-z3jsb0ptHrQ9JkiMrJfwQudLf8g="
    },
    "remove-trailing-separator": {
      "version": "http://registry.npmjs.org/remove-trailing-separator/-/remove-trailing-separator-1.0.1.tgz",
      "integrity": "sha1-YV67lq9VlVLUv0BXyENtSGq2PMQ="
    },
    "sax": {
      "version": "1.2.4",
      "resolved": "https://registry.npmjs.org/sax/-/sax-1.2.4.tgz",
      "integrity": "sha512-NqVDv9TpANUjFm0N8uM5GxL36UgKi9/atZw+x7YFnQ8ckwFGKrl4xX4yWtrey3UJm5nP1kUbnYgLopqWNSRhWw=="
    },
    "semver": {
      "version": "5.3.0",
      "resolved": "https://registry.npmjs.org/semver/-/semver-5.3.0.tgz",
      "integrity": "sha1-myzl094C0XxgEq0yaqa00M9U+U8="
    },
    "stack-trace": {
      "version": "http://registry.npmjs.org/stack-trace/-/stack-trace-0.0.9.tgz",
      "integrity": "sha1-qPbq7KkGdMMz58Q5U/J1tFFRBpU="
    },
    "string_decoder": {
      "version": "http://registry.npmjs.org/string_decoder/-/string_decoder-1.0.0.tgz",
      "integrity": "sha1-8G9BFXtmTYYGn4S9vcmw2KsoFmc="
    },
    "tar-stream": {
      "version": "http://registry.npmjs.org/tar-stream/-/tar-stream-1.5.2.tgz",
      "integrity": "sha1-+8bG6DwaGdTLSMfZYXH8JI7/x78="
    },
    "universalify": {
      "version": "http://registry.npmjs.org/universalify/-/universalify-0.1.0.tgz",
      "integrity": "sha1-nrHEZR3rzGcMyU8adXYjMruWd3g="
    },
    "util-deprecate": {
      "version": "https://registry.npmjs.org/util-deprecate/-/util-deprecate-1.0.2.tgz",
      "integrity": "sha1-RQ1Nyfpw3nMnYvvS1KKJgUGaDM8="
    },
    "walkdir": {
      "version": "http://registry.npmjs.org/walkdir/-/walkdir-0.0.11.tgz",
      "integrity": "sha1-oW0CXrkxvQO1LzCMrtD0D86+lTI="
    },
    "winston": {
      "version": "2.3.1",
      "resolved": "https://registry.npmjs.org/winston/-/winston-2.3.1.tgz",
      "integrity": "sha1-C0hCDZeMAYBM8CMLZIhhWYIloRk=",
      "dependencies": {
        "async": {
          "version": "1.0.0",
          "resolved": "https://registry.npmjs.org/async/-/async-1.0.0.tgz",
          "integrity": "sha1-+PwEyjoTeErenhZBr5hXjPvWR6k="
        }
      }
    },
    "wrappy": {
      "version": "http://registry.npmjs.org/wrappy/-/wrappy-1.0.2.tgz",
      "integrity": "sha1-tSQ9jz7BqjXxNkYFvA0QNuMKtp8="
    },
    "xml2js": {
      "version": "0.4.17",
      "resolved": "https://registry.npmjs.org/xml2js/-/xml2js-0.4.17.tgz",
      "integrity": "sha1-F76T6q4/O3eTWceVtBlwWogX6Gg="
    },
    "xmlbuilder": {
      "version": "4.2.1",
      "resolved": "https://registry.npmjs.org/xmlbuilder/-/xmlbuilder-4.2.1.tgz",
      "integrity": "sha1-qlijBBoGb5DqoWwvU4n/GfP0YaU="
    },
    "xtend": {
      "version": "https://registry.npmjs.org/xtend/-/xtend-4.0.1.tgz",
      "integrity": "sha1-pcbVMr5lbiPbgg77lDofBJmNY68="
    },
    "zip-stream": {
      "version": "http://registry.npmjs.org/zip-stream/-/zip-stream-1.1.1.tgz",
      "integrity": "sha1-Uha0i7tNJlH2TVxubwnrSnOZ1Vc="
    }
  }
}
